{
  "name": "gg-gui",
  "version": "0.1.0",
  "lockfileVersion": 3,
  "requires": true,
  "packages": {
    "": {
      "name": "gg-gui",
      "version": "0.1.0",
      "devDependencies": {
        "@abaplint/cli": "2.120.33"
      }
    },
    "node_modules/@abaplint/cli": {
      "version": "2.120.33",
      "resolved": "https://registry.npmjs.org/@abaplint/cli/-/cli-2.120.33.tgz",
      "integrity": "sha512-M+nDlBxNxDEB3LNqZOX7YAFxar7rRD3+9bN7Pecn7wSMXho3wuxzxWH9Lx3+78yHNUJa96jWFpKuA7Xe3VE5sw==",
      "dev": true,
      "license": "MIT",
      "bin": {
        "abaplint": "abaplint"
      },
      "engines": {
        "node": ">=22.0.0"
      },
      "funding": {
        "url": "https://github.com/sponsors/larshp"
      }
    }
  }
}
