{
  "name": "gg-gui",
  "version": "0.1.0",
  "lockfileVersion": 3,
  "requires": true,
  "packages": {
    "": {
      "name": "gg-gui",
      "version": "0.1.0",
      "devDependencies": {
        "@abaplint/cli": "2.120.30"
      }
    },
    "node_modules/@abaplint/cli": {
      "version": "2.120.30",
      "resolved": "https://registry.npmjs.org/@abaplint/cli/-/cli-2.120.30.tgz",
      "integrity": "sha512-mZVt2pAvOTYdj78dqWUN4dTMwpJAUMlqzioIMTHsXTzxgWJLC/e9h4cNxuXHvTTuW3p3ymMVDo8x/gHe0W45nQ==",
      "dev": true,
      "license": "MIT",
      "bin": {
        "abaplint": "abaplint"
      },
      "engines": {
        "node": ">=22.0.0"
      },
      "funding": {
        "url": "https://github.com/sponsors/larshp"
      }
    }
  }
}
